
Microsoft Visual Studio Solution File, Format Version 12.00
# Visual Studio Version 16
VisualStudioVersion = 16.0.29411.108
MinimumVisualStudioVersion = 10.0.40219.1
Project("{9A19103F-16F7-4668-BE54-9A1E7A4F7556}") = "WebApiCore", "WebApiCore\WebApiCore.csproj", "{050BAD84-1290-498C-B718-AF4C3783A4E5}"
EndProject
Project("{FAE04EC0-301F-11D3-BF4B-00C04F79EFBC}") = "WebApiTest", "WebApiTest\WebApiTest.csproj", "{CDE6892A-BF9F-4A90-9EE4-073E4E821130}"
EndProject
Global
	GlobalSection(SolutionConfigurationPlatforms) = preSolution
		Debug|Any CPU = Debug|Any CPU
		Release|Any CPU = Release|Any CPU
	EndGlobalSection
	GlobalSection(ProjectConfigurationPlatforms) = postSolution
		{050BAD84-1290-498C-B718-AF4C3783A4E5}.Debug|Any CPU.ActiveCfg = Debug|Any CPU
		{050BAD84-1290-498C-B718-AF4C3783A4E5}.Debug|Any CPU.Build.0 = Debug|Any CPU
		{050BAD84-1290-498C-B718-AF4C3783A4E5}.Release|Any CPU.ActiveCfg = Release|Any CPU
		{050BAD84-1290-498C-B718-AF4C3783A4E5}.Release|Any CPU.Build.0 = Release|Any CPU
		{CDE6892A-BF9F-4A90-9EE4-073E4E821130}.Debug|Any CPU.ActiveCfg = Debug|Any CPU
		{CDE6892A-BF9F-4A90-9EE4-073E4E821130}.Debug|Any CPU.Build.0 = Debug|Any CPU
		{CDE6892A-BF9F-4A90-9EE4-073E4E821130}.Release|Any CPU.ActiveCfg = Release|Any CPU
		{CDE6892A-BF9F-4A90-9EE4-073E4E821130}.Release|Any CPU.Build.0 = Release|Any CPU
	EndGlobalSection
	GlobalSection(SolutionProperties) = preSolution
		HideSolutionNode = FALSE
	EndGlobalSection
	GlobalSection(ExtensibilityGlobals) = postSolution
		SolutionGuid = {C34C435C-C7B0-4BCA-848D-20E499E8EB1C}
	EndGlobalSection
EndGlobal
